// !$*UTF8*$!
{
	archiveVersion = 1;
	classes = {
	};
	objectVersion = 46;
	objects = {

/* Begin PBXBuildFile section */
		94B8A47827F1CC430069432E /* AppDelegate.swift in Sources */ = {isa = PBXBuildFile; fileRef = 94B8A47727F1CC430069432E /* AppDelegate.swift */; };
		94B8A47A27F1CC430069432E /* ViewController.swift in Sources */ = {isa = PBXBuildFile; fileRef = 94B8A47927F1CC430069432E /* ViewController.swift */; };
		94B8A47D27F1CC430069432E /* Main.storyboard in Resources */ = {isa = PBXBuildFile; fileRef = 94B8A47B27F1CC430069432E /* Main.storyboard */; };
		94B8A48027F1CC430069432E /* app_swoosh.xcdatamodeld in Sources */ = {isa = PBXBuildFile; fileRef = 94B8A47E27F1CC430069432E /* app_swoosh.xcdatamodeld */; };
		94B8A48227F1CC430069432E /* Assets.xcassets in Resources */ = {isa = PBXBuildFile; fileRef = 94B8A48127F1CC430069432E /* Assets.xcassets */; };
		94B8A48527F1CC430069432E /* LaunchScreen.storyboard in Resources */ = {isa = PBXBuildFile; fileRef = 94B8A48327F1CC430069432E /* LaunchScreen.storyboard */; };
		94B8A49027F1CC430069432E /* app_swooshTests.swift in Sources */ = {isa = PBXBuildFile; fileRef = 94B8A48F27F1CC430069432E /* app_swooshTests.swift */; };
		94B8A49B27F1CC430069432E /* app_swooshUITests.swift in Sources */ = {isa = PBXBuildFile; fileRef = 94B8A49A27F1CC430069432E /* app_swooshUITests.swift */; };
		94B8A4AC27F1D6830069432E /* BorderButton.swift in Sources */ = {isa = PBXBuildFile; fileRef = 94B8A4AB27F1D6830069432E /* BorderButton.swift */; };
/* End PBXBuildFile section */

/* Begin PBXContainerItemProxy section */
		94B8A48C27F1CC430069432E /* PBXContainerItemProxy */ = {
			isa = PBXContainerItemProxy;
			containerPortal = 94B8A46C27F1CC420069432E /* Project object */;
			proxyType = 1;
			remoteGlobalIDString = 94B8A47327F1CC430069432E;
			remoteInfo = "app-swoosh";
		};
		94B8A49727F1CC430069432E /* PBXContainerItemProxy */ = {
			isa = PBXContainerItemProxy;
			containerPortal = 94B8A46C27F1CC420069432E /* Project object */;
			proxyType = 1;
			remoteGlobalIDString = 94B8A47327F1CC430069432E;
			remoteInfo = "app-swoosh";
		};
/* End PBXContainerItemProxy section */

/* Begin PBXFileReference section */
		94B8A47427F1CC430069432E /* app-swoosh.app */ = {isa = PBXFileReference; explicitFileType = wrapper.application; includeInIndex = 0; path = "app-swoosh.app"; sourceTree = BUILT_PRODUCTS_DIR; };
		94B8A47727F1CC430069432E /* AppDelegate.swift */ = {isa = PBXFileReference; lastKnownFileType = sourcecode.swift; path = AppDelegate.swift; sourceTree = "<group>"; };
		94B8A47927F1CC430069432E /* ViewController.swift */ = {isa = PBXFileReference; lastKnownFileType = sourcecode.swift; path = ViewController.swift; sourceTree = "<group>"; };
		94B8A47C27F1CC430069432E /* Base */ = {isa = PBXFileReference; lastKnownFileType = file.storyboard; name = Base; path = Base.lproj/Main.storyboard; sourceTree = "<group>"; };
		94B8A47F27F1CC430069432E /* app_swoosh.xcdatamodel */ = {isa = PBXFileReference; lastKnownFileType = wrapper.xcdatamodel; path = app_swoosh.xcdatamodel; sourceTree = "<group>"; };
		94B8A48127F1CC430069432E /* Assets.xcassets */ = {isa = PBXFileReference; lastKnownFileType = folder.assetcatalog; path = Assets.xcassets; sourceTree = "<group>"; };
		94B8A48427F1CC430069432E /* Base */ = {isa = PBXFileReference; lastKnownFileType = file.storyboard; name = Base; path = Base.lproj/LaunchScreen.storyboard; sourceTree = "<group>"; };
		94B8A48627F1CC430069432E /* Info.plist */ = {isa = PBXFileReference; lastKnownFileType = text.plist.xml; path = Info.plist; sourceTree = "<group>"; };
		94B8A48B27F1CC430069432E /* app-swooshTests.xctest */ = {isa = PBXFileReference; explicitFileType = wrapper.cfbundle; includeInIndex = 0; path = "app-swooshTests.xctest"; sourceTree = BUILT_PRODUCTS_DIR; };
		94B8A48F27F1CC430069432E /* app_swooshTests.swift */ = {isa = PBXFileReference; lastKnownFileType = sourcecode.swift; path = app_swooshTests.swift; sourceTree = "<group>"; };
		94B8A49127F1CC430069432E /* Info.plist */ = {isa = PBXFileReference; lastKnownFileType = text.plist.xml; path = Info.plist; sourceTree = "<group>"; };
		94B8A49627F1CC430069432E /* app-swooshUITests.xctest */ = {isa = PBXFileReference; explicitFileType = wrapper.cfbundle; includeInIndex = 0; path = "app-swooshUITests.xctest"; sourceTree = BUILT_PRODUCTS_DIR; };
		94B8A49A27F1CC430069432E /* app_swooshUITests.swift */ = {isa = PBXFileReference; lastKnownFileType = sourcecode.swift; path = app_swooshUITests.swift; sourceTree = "<group>"; };
		94B8A49C27F1CC430069432E /* Info.plist */ = {isa = PBXFileReference; lastKnownFileType = text.plist.xml; path = Info.plist; sourceTree = "<group>"; };
		94B8A4AB27F1D6830069432E /* BorderButton.swift */ = {isa = PBXFileReference; fileEncoding = 4; lastKnownFileType = sourcecode.swift; path = BorderButton.swift; sourceTree = "<group>"; };
/* End PBXFileReference section */

/* Begin PBXFrameworksBuildPhase section */
		94B8A47127F1CC430069432E /* Frameworks */ = {
			isa = PBXFrameworksBuildPhase;
			buildActionMask = 2147483647;
			files = (
			);
			runOnlyForDeploymentPostprocessing = 0;
		};
		94B8A48827F1CC430069432E /* Frameworks */ = {
			isa = PBXFrameworksBuildPhase;
			buildActionMask = 2147483647;
			files = (
			);
			runOnlyForDeploymentPostprocessing = 0;
		};
		94B8A49327F1CC430069432E /* Frameworks */ = {
			isa = PBXFrameworksBuildPhase;
			buildActionMask = 2147483647;
			files = (
			);
			runOnlyForDeploymentPostprocessing = 0;
		};
/* End PBXFrameworksBuildPhase section */

/* Begin PBXGroup section */
		94B8A46B27F1CC420069432E = {
			isa = PBXGroup;
			children = (
				94B8A47627F1CC430069432E /* app-swoosh */,
				94B8A48E27F1CC430069432E /* app-swooshTests */,
				94B8A49927F1CC430069432E /* app-swooshUITests */,
				94B8A47527F1CC430069432E /* Products */,
			);
			sourceTree = "<group>";
		};
		94B8A47527F1CC430069432E /* Products */ = {
			isa = PBXGroup;
			children = (
				94B8A47427F1CC430069432E /* app-swoosh.app */,
				94B8A48B27F1CC430069432E /* app-swooshTests.xctest */,
				94B8A49627F1CC430069432E /* app-swooshUITests.xctest */,
			);
			name = Products;
			sourceTree = "<group>";
		};
		94B8A47627F1CC430069432E /* app-swoosh */ = {
			isa = PBXGroup;
			children = (
				94B8A4AA27F1D60C0069432E /* Views */,
				94B8A47727F1CC430069432E /* AppDelegate.swift */,
				94B8A47927F1CC430069432E /* ViewController.swift */,
				94B8A47B27F1CC430069432E /* Main.storyboard */,
				94B8A48127F1CC430069432E /* Assets.xcassets */,
				94B8A48327F1CC430069432E /* LaunchScreen.storyboard */,
				94B8A48627F1CC430069432E /* Info.plist */,
				94B8A47E27F1CC430069432E /* app_swoosh.xcdatamodeld */,
			);
			path = "app-swoosh";
			sourceTree = "<group>";
		};
		94B8A48E27F1CC430069432E /* app-swooshTests */ = {
			isa = PBXGroup;
			children = (
				94B8A48F27F1CC430069432E /* app_swooshTests.swift */,
				94B8A49127F1CC430069432E /* Info.plist */,
			);
			path = "app-swooshTests";
			sourceTree = "<group>";
		};
		94B8A49927F1CC430069432E /* app-swooshUITests */ = {
			isa = PBXGroup;
			children = (
				94B8A49A27F1CC430069432E /* app_swooshUITests.swift */,
				94B8A49C27F1CC430069432E /* Info.plist */,
			);
			path = "app-swooshUITests";
			sourceTree = "<group>";
		};
		94B8A4AA27F1D60C0069432E /* Views */ = {
			isa = PBXGroup;
			children = (
				94B8A4AB27F1D6830069432E /* BorderButton.swift */,
			);
			name = Views;
			sourceTree = "<group>";
		};
/* End PBXGroup section */

/* Begin PBXNativeTarget section */
		94B8A47327F1CC430069432E /* app-swoosh */ = {
			isa = PBXNativeTarget;
			buildConfigurationList = 94B8A49F27F1CC430069432E /* Build configuration list for PBXNativeTarget "app-swoosh" */;
			buildPhases = (
				94B8A47027F1CC430069432E /* Sources */,
				94B8A47127F1CC430069432E /* Frameworks */,
				94B8A47227F1CC430069432E /* Resources */,
			);
			buildRules = (
			);
			dependencies = (
			);
			name = "app-swoosh";
			productName = "app-swoosh";
			productReference = 94B8A47427F1CC430069432E /* app-swoosh.app */;
			productType = "com.apple.product-type.application";
		};
		94B8A48A27F1CC430069432E /* app-swooshTests */ = {
			isa = PBXNativeTarget;
			buildConfigurationList = 94B8A4A227F1CC430069432E /* Build configuration list for PBXNativeTarget "app-swooshTests" */;
			buildPhases = (
				94B8A48727F1CC430069432E /* Sources */,
				94B8A48827F1CC430069432E /* Frameworks */,
				94B8A48927F1CC430069432E /* Resources */,
			);
			buildRules = (
			);
			dependencies = (
				94B8A48D27F1CC430069432E /* PBXTargetDependency */,
			);
			name = "app-swooshTests";
			productName = "app-swooshTests";
			productReference = 94B8A48B27F1CC430069432E /* app-swooshTests.xctest */;
			productType = "com.apple.product-type.bundle.unit-test";
		};
		94B8A49527F1CC430069432E /* app-swooshUITests */ = {
			isa = PBXNativeTarget;
			buildConfigurationList = 94B8A4A527F1CC430069432E /* Build configuration list for PBXNativeTarget "app-swooshUITests" */;
			buildPhases = (
				94B8A49227F1CC430069432E /* Sources */,
				94B8A49327F1CC430069432E /* Frameworks */,
				94B8A49427F1CC430069432E /* Resources */,
			);
			buildRules = (
			);
			dependencies = (
				94B8A49827F1CC430069432E /* PBXTargetDependency */,
			);
			name = "app-swooshUITests";
			productName = "app-swooshUITests";
			productReference = 94B8A49627F1CC430069432E /* app-swooshUITests.xctest */;
			productType = "com.apple.product-type.bundle.ui-testing";
		};
/* End PBXNativeTarget section */

/* Begin PBXProject section */
		94B8A46C27F1CC420069432E /* Project object */ = {
			isa = PBXProject;
			attributes = {
				LastSwiftUpdateCheck = 0800;
				LastUpgradeCheck = 0800;
				ORGANIZATIONNAME = "T-Systems";
				TargetAttributes = {
					94B8A47327F1CC430069432E = {
						CreatedOnToolsVersion = 8.0;
						ProvisioningStyle = Automatic;
					};
					94B8A48A27F1CC430069432E = {
						CreatedOnToolsVersion = 8.0;
						ProvisioningStyle = Automatic;
						TestTargetID = 94B8A47327F1CC430069432E;
					};
					94B8A49527F1CC430069432E = {
						CreatedOnToolsVersion = 8.0;
						ProvisioningStyle = Automatic;
						TestTargetID = 94B8A47327F1CC430069432E;
					};
				};
			};
			buildConfigurationList = 94B8A46F27F1CC420069432E /* Build configuration list for PBXProject "app-swoosh" */;
			compatibilityVersion = "Xcode 3.2";
			developmentRegion = English;
			hasScannedForEncodings = 0;
			knownRegions = (
				en,
				Base,
			);
			mainGroup = 94B8A46B27F1CC420069432E;
			productRefGroup = 94B8A47527F1CC430069432E /* Products */;
			projectDirPath = "";
			projectRoot = "";
			targets = (
				94B8A47327F1CC430069432E /* app-swoosh */,
				94B8A48A27F1CC430069432E /* app-swooshTests */,
				94B8A49527F1CC430069432E /* app-swooshUITests */,
			);
		};
/* End PBXProject section */

/* Begin PBXResourcesBuildPhase section */
		94B8A47227F1CC430069432E /* Resources */ = {
			isa = PBXResourcesBuildPhase;
			buildActionMask = 2147483647;
			files = (
				94B8A48527F1CC430069432E /* LaunchScreen.storyboard in Resources */,
				94B8A48227F1CC430069432E /* Assets.xcassets in Resources */,
				94B8A47D27F1CC430069432E /* Main.storyboard in Resources */,
			);
			runOnlyForDeploymentPostprocessing = 0;
		};
		94B8A48927F1CC430069432E /* Resources */ = {
			isa = PBXResourcesBuildPhase;
			buildActionMask = 2147483647;
			files = (
			);
			runOnlyForDeploymentPostprocessing = 0;
		};
		94B8A49427F1CC430069432E /* Resources */ = {
			isa = PBXResourcesBuildPhase;
			buildActionMask = 2147483647;
			files = (
			);
			runOnlyForDeploymentPostprocessing = 0;
		};
/* End PBXResourcesBuildPhase section */

/* Begin PBXSourcesBuildPhase section */
		94B8A47027F1CC430069432E /* Sources */ = {
			isa = PBXSourcesBuildPhase;
			buildActionMask = 2147483647;
			files = (
				94B8A47A27F1CC430069432E /* ViewController.swift in Sources */,
				94B8A48027F1CC430069432E /* app_swoosh.xcdatamodeld in Sources */,
				94B8A47827F1CC430069432E /* AppDelegate.swift in Sources */,
				94B8A4AC27F1D6830069432E /* BorderButton.swift in Sources */,
			);
			runOnlyForDeploymentPostprocessing = 0;
		};
		94B8A48727F1CC430069432E /* Sources */ = {
			isa = PBXSourcesBuildPhase;
			buildActionMask = 2147483647;
			files = (
				94B8A49027F1CC430069432E /* app_swooshTests.swift in Sources */,
			);
			runOnlyForDeploymentPostprocessing = 0;
		};
		94B8A49227F1CC430069432E /* Sources */ = {
			isa = PBXSourcesBuildPhase;
			buildActionMask = 2147483647;
			files = (
				94B8A49B27F1CC430069432E /* app_swooshUITests.swift in Sources */,
			);
			runOnlyForDeploymentPostprocessing = 0;
		};
/* End PBXSourcesBuildPhase section */

/* Begin PBXTargetDependency section */
		94B8A48D27F1CC430069432E /* PBXTargetDependency */ = {
			isa = PBXTargetDependency;
			target = 94B8A47327F1CC430069432E /* app-swoosh */;
			targetProxy = 94B8A48C27F1CC430069432E /* PBXContainerItemProxy */;
		};
		94B8A49827F1CC430069432E /* PBXTargetDependency */ = {
			isa = PBXTargetDependency;
			target = 94B8A47327F1CC430069432E /* app-swoosh */;
			targetProxy = 94B8A49727F1CC430069432E /* PBXContainerItemProxy */;
		};
/* End PBXTargetDependency section */

/* Begin PBXVariantGroup section */
		94B8A47B27F1CC430069432E /* Main.storyboard */ = {
			isa = PBXVariantGroup;
			children = (
				94B8A47C27F1CC430069432E /* Base */,
			);
			name = Main.storyboard;
			sourceTree = "<group>";
		};
		94B8A48327F1CC430069432E /* LaunchScreen.storyboard */ = {
			isa = PBXVariantGroup;
			children = (
				94B8A48427F1CC430069432E /* Base */,
			);
			name = LaunchScreen.storyboard;
			sourceTree = "<group>";
		};
/* End PBXVariantGroup section */

/* Begin XCBuildConfiguration section */
		94B8A49D27F1CC430069432E /* Debug */ = {
			isa = XCBuildConfiguration;
			buildSettings = {
				ALWAYS_SEARCH_USER_PATHS = NO;
				CLANG_ANALYZER_NONNULL = YES;
				CLANG_CXX_LANGUAGE_STANDARD = "gnu++0x";
				CLANG_CXX_LIBRARY = "libc++";
				CLANG_ENABLE_MODULES = YES;
				CLANG_ENABLE_OBJC_ARC = YES;
				CLANG_WARN_BOOL_CONVERSION = YES;
				CLANG_WARN_CONSTANT_CONVERSION = YES;
				CLANG_WARN_DIRECT_OBJC_ISA_USAGE = YES_ERROR;
				CLANG_WARN_DOCUMENTATION_COMMENTS = YES;
				CLANG_WARN_EMPTY_BODY = YES;
				CLANG_WARN_ENUM_CONVERSION = YES;
				CLANG_WARN_INFINITE_RECURSION = YES;
				CLANG_WARN_INT_CONVERSION = YES;
				CLANG_WARN_OBJC_ROOT_CLASS = YES_ERROR;
				CLANG_WARN_SUSPICIOUS_MOVES = YES;
				CLANG_WARN_UNREACHABLE_CODE = YES;
				CLANG_WARN__DUPLICATE_METHOD_MATCH = YES;
				"CODE_SIGN_IDENTITY[sdk=iphoneos*]" = "iPhone Developer";
				COPY_PHASE_STRIP = NO;
				DEBUG_INFORMATION_FORMAT = dwarf;
				ENABLE_STRICT_OBJC_MSGSEND = YES;
				ENABLE_TESTABILITY = YES;
				GCC_C_LANGUAGE_STANDARD = gnu99;
				GCC_DYNAMIC_NO_PIC = NO;
				GCC_NO_COMMON_BLOCKS = YES;
				GCC_OPTIMIZATION_LEVEL = 0;
				GCC_PREPROCESSOR_DEFINITIONS = (
					"DEBUG=1",
					"$(inherited)",
				);
				GCC_WARN_64_TO_32_BIT_CONVERSION = YES;
				GCC_WARN_ABOUT_RETURN_TYPE = YES_ERROR;
				GCC_WARN_UNDECLARED_SELECTOR = YES;
				GCC_WARN_UNINITIALIZED_AUTOS = YES_AGGRESSIVE;
				GCC_WARN_UNUSED_FUNCTION = YES;
				GCC_WARN_UNUSED_VARIABLE = YES;
				IPHONEOS_DEPLOYMENT_TARGET = 10.0;
				MTL_ENABLE_DEBUG_INFO = YES;
				ONLY_ACTIVE_ARCH = YES;
				SDKROOT = iphoneos;
				SWIFT_ACTIVE_COMPILATION_CONDITIONS = DEBUG;
				SWIFT_OPTIMIZATION_LEVEL = "-Onone";
				TARGETED_DEVICE_FAMILY = "1,2";
			};
			name = Debug;
		};
		94B8A49E27F1CC430069432E /* Release */ = {
			isa = XCBuildConfiguration;
			buildSettings = {
				ALWAYS_SEARCH_USER_PATHS = NO;
				CLANG_ANALYZER_NONNULL = YES;
				CLANG_CXX_LANGUAGE_STANDARD = "gnu++0x";
				CLANG_CXX_LIBRARY = "libc++";
				CLANG_ENABLE_MODULES = YES;
				CLANG_ENABLE_OBJC_ARC = YES;
				CLANG_WARN_BOOL_CONVERSION = YES;
				CLANG_WARN_CONSTANT_CONVERSION = YES;
				CLANG_WARN_DIRECT_OBJC_ISA_USAGE = YES_ERROR;
				CLANG_WARN_DOCUMENTATION_COMMENTS = YES;
				CLANG_WARN_EMPTY_BODY = YES;
				CLANG_WARN_ENUM_CONVERSION = YES;
				CLANG_WARN_INFINITE_RECURSION = YES;
				CLANG_WARN_INT_CONVERSION = YES;
				CLANG_WARN_OBJC_ROOT_CLASS = YES_ERROR;
				CLANG_WARN_SUSPICIOUS_MOVES = YES;
				CLANG_WARN_UNREACHABLE_CODE = YES;
				CLANG_WARN__DUPLICATE_METHOD_MATCH = YES;
				"CODE_SIGN_IDENTITY[sdk=iphoneos*]" = "iPhone Developer";
				COPY_PHASE_STRIP = NO;
				DEBUG_INFORMATION_FORMAT = "dwarf-with-dsym";
				ENABLE_NS_ASSERTIONS = NO;
				ENABLE_STRICT_OBJC_MSGSEND = YES;
				GCC_C_LANGUAGE_STANDARD = gnu99;
				GCC_NO_COMMON_BLOCKS = YES;
				GCC_WARN_64_TO_32_BIT_CONVERSION = YES;
				GCC_WARN_ABOUT_RETURN_TYPE = YES_ERROR;
				GCC_WARN_UNDECLARED_SELECTOR = YES;
				GCC_WARN_UNINITIALIZED_AUTOS = YES_AGGRESSIVE;
				GCC_WARN_UNUSED_FUNCTION = YES;
				GCC_WARN_UNUSED_VARIABLE = YES;
				IPHONEOS_DEPLOYMENT_TARGET = 10.0;
				MTL_ENABLE_DEBUG_INFO = NO;
				SDKROOT = iphoneos;
				SWIFT_OPTIMIZATION_LEVEL = "-Owholemodule";
				TARGETED_DEVICE_FAMILY = "1,2";
				VALIDATE_PRODUCT = YES;
			};
			name = Release;
		};
		94B8A4A027F1CC430069432E /* Debug */ = {
			isa = XCBuildConfiguration;
			buildSettings = {
				ASSETCATALOG_COMPILER_APPICON_NAME = AppIcon;
				INFOPLIST_FILE = "app-swoosh/Info.plist";
				LD_RUNPATH_SEARCH_PATHS = "$(inherited) @executable_path/Frameworks";
				PRODUCT_BUNDLE_IDENTIFIER = "com.t-systems.app-swoosh";
				PRODUCT_NAME = "$(TARGET_NAME)";
				SWIFT_VERSION = 3.0;
			};
			name = Debug;
		};
		94B8A4A127F1CC430069432E /* Release */ = {
			isa = XCBuildConfiguration;
			buildSettings = {
				ASSETCATALOG_COMPILER_APPICON_NAME = AppIcon;
				INFOPLIST_FILE = "app-swoosh/Info.plist";
				LD_RUNPATH_SEARCH_PATHS = "$(inherited) @executable_path/Frameworks";
				PRODUCT_BUNDLE_IDENTIFIER = "com.t-systems.app-swoosh";
				PRODUCT_NAME = "$(TARGET_NAME)";
				SWIFT_VERSION = 3.0;
			};
			name = Release;
		};
		94B8A4A327F1CC430069432E /* Debug */ = {
			isa = XCBuildConfiguration;
			buildSettings = {
				ALWAYS_EMBED_SWIFT_STANDARD_LIBRARIES = YES;
				BUNDLE_LOADER = "$(TEST_HOST)";
				INFOPLIST_FILE = "app-swooshTests/Info.plist";
				LD_RUNPATH_SEARCH_PATHS = "$(inherited) @executable_path/Frameworks @loader_path/Frameworks";
				PRODUCT_BUNDLE_IDENTIFIER = "com.t-systems.app-swooshTests";
				PRODUCT_NAME = "$(TARGET_NAME)";
				SWIFT_VERSION = 3.0;
				TEST_HOST = "$(BUILT_PRODUCTS_DIR)/app-swoosh.app/app-swoosh";
			};
			name = Debug;
		};
		94B8A4A427F1CC430069432E /* Release */ = {
			isa = XCBuildConfiguration;
			buildSettings = {
				ALWAYS_EMBED_SWIFT_STANDARD_LIBRARIES = YES;
				BUNDLE_LOADER = "$(TEST_HOST)";
				INFOPLIST_FILE = "app-swooshTests/Info.plist";
				LD_RUNPATH_SEARCH_PATHS = "$(inherited) @executable_path/Frameworks @loader_path/Frameworks";
				PRODUCT_BUNDLE_IDENTIFIER = "com.t-systems.app-swooshTests";
				PRODUCT_NAME = "$(TARGET_NAME)";
				SWIFT_VERSION = 3.0;
				TEST_HOST = "$(BUILT_PRODUCTS_DIR)/app-swoosh.app/app-swoosh";
			};
			name = Release;
		};
		94B8A4A627F1CC430069432E /* Debug */ = {
			isa = XCBuildConfiguration;
			buildSettings = {
				ALWAYS_EMBED_SWIFT_STANDARD_LIBRARIES = YES;
				INFOPLIST_FILE = "app-swooshUITests/Info.plist";
				LD_RUNPATH_SEARCH_PATHS = "$(inherited) @executable_path/Frameworks @loader_path/Frameworks";
				PRODUCT_BUNDLE_IDENTIFIER = "com.t-systems.app-swooshUITests";
				PRODUCT_NAME = "$(TARGET_NAME)";
				SWIFT_VERSION = 3.0;
				TEST_TARGET_NAME = "app-swoosh";
			};
			name = Debug;
		};
		94B8A4A727F1CC430069432E /* Release */ = {
			isa = XCBuildConfiguration;
			buildSettings = {
				ALWAYS_EMBED_SWIFT_STANDARD_LIBRARIES = YES;
				INFOPLIST_FILE = "app-swooshUITests/Info.plist";
				LD_RUNPATH_SEARCH_PATHS = "$(inherited) @executable_path/Frameworks @loader_path/Frameworks";
				PRODUCT_BUNDLE_IDENTIFIER = "com.t-systems.app-swooshUITests";
				PRODUCT_NAME = "$(TARGET_NAME)";
				SWIFT_VERSION = 3.0;
				TEST_TARGET_NAME = "app-swoosh";
			};
			name = Release;
		};
/* End XCBuildConfiguration section */

/* Begin XCConfigurationList section */
		94B8A46F27F1CC420069432E /* Build configuration list for PBXProject "app-swoosh" */ = {
			isa = XCConfigurationList;
			buildConfigurations = (
				94B8A49D27F1CC430069432E /* Debug */,
				94B8A49E27F1CC430069432E /* Release */,
			);
			defaultConfigurationIsVisible = 0;
			defaultConfigurationName = Release;
		};
		94B8A49F27F1CC430069432E /* Build configuration list for PBXNativeTarget "app-swoosh" */ = {
			isa = XCConfigurationList;
			buildConfigurations = (
				94B8A4A027F1CC430069432E /* Debug */,
				94B8A4A127F1CC430069432E /* Release */,
			);
			defaultConfigurationIsVisible = 0;
			defaultConfigurationName = Release;
		};
		94B8A4A227F1CC430069432E /* Build configuration list for PBXNativeTarget "app-swooshTests" */ = {
			isa = XCConfigurationList;
			buildConfigurations = (
				94B8A4A327F1CC430069432E /* Debug */,
				94B8A4A427F1CC430069432E /* Release */,
			);
			defaultConfigurationIsVisible = 0;
			defaultConfigurationName = Release;
		};
		94B8A4A527F1CC430069432E /* Build configuration list for PBXNativeTarget "app-swooshUITests" */ = {
			isa = XCConfigurationList;
			buildConfigurations = (
				94B8A4A627F1CC430069432E /* Debug */,
				94B8A4A727F1CC430069432E /* Release */,
			);
			defaultConfigurationIsVisible = 0;
			defaultConfigurationName = Release;
		};
/* End XCConfigurationList section */

/* Begin XCVersionGroup section */
		94B8A47E27F1CC430069432E /* app_swoosh.xcdatamodeld */ = {
			isa = XCVersionGroup;
			children = (
				94B8A47F27F1CC430069432E /* app_swoosh.xcdatamodel */,
			);
			currentVersion = 94B8A47F27F1CC430069432E /* app_swoosh.xcdatamodel */;
			path = app_swoosh.xcdatamodeld;
			sourceTree = "<group>";
			versionGroupType = wrapper.xcdatamodel;
		};
/* End XCVersionGroup section */
	};
	rootObject = 94B8A46C27F1CC420069432E /* Project object */;
}
